
Microsoft Visual Studio Solution File, Format Version 10.00
# Visual Studio 2008
Project("{8BC9CEB8-8B4A-11D0-8D11-00A0C91BC942}") = "FunctionalTest", "FunctionalTest.vcproj", "{323F8671-84B8-4C3E-82D3-4E7741B9FBD0}"
EndProject
Global
	GlobalSection(SolutionConfigurationPlatforms) = preSolution
		Debug|Win32 = Debug|Win32
		Release|Win32 = Release|Win32
	EndGlobalSection
	GlobalSection(ProjectConfigurationPlatforms) = postSolution
		{323F8671-84B8-4C3E-82D3-4E7741B9FBD0}.Debug|Win32.ActiveCfg = Debug|Win32
		{323F8671-84B8-4C3E-82D3-4E7741B9FBD0}.Debug|Win32.Build.0 = Debug|Win32
		{323F8671-84B8-4C3E-82D3-4E7741B9FBD0}.Release|Win32.ActiveCfg = Release|Win32
		{323F8671-84B8-4C3E-82D3-4E7741B9FBD0}.Release|Win32.Build.0 = Release|Win32
	EndGlobalSection
	GlobalSection(SolutionProperties) = preSolution
		HideSolutionNode = FALSE
	EndGlobalSection
EndGlobal
